
Microsoft Visual Studio Solution File, Format Version 12.00
# Visual Studio Version 16
VisualStudioVersion = 16.0.31025.194
MinimumVisualStudioVersion = 10.0.40219.1
Project("{9A19103F-16F7-4668-BE54-9A1E7A4F7556}") = "ComponentOnly", "ComponentOnly\ComponentOnly.csproj", "{B6E58790-96F5-4D64-BABE-04602191C821}"
EndProject
Global
	GlobalSection(SolutionConfigurationPlatforms) = preSolution
		Debug|Any CPU = Debug|Any CPU
		Release|Any CPU = Release|Any CPU
	EndGlobalSection
	GlobalSection(ProjectConfigurationPlatforms) = postSolution
		{B6E58790-96F5-4D64-BABE-04602191C821}.Debug|Any CPU.ActiveCfg = Debug|Any CPU
		{B6E58790-96F5-4D64-BABE-04602191C821}.Debug|Any CPU.Build.0 = Debug|Any CPU
		{B6E58790-96F5-4D64-BABE-04602191C821}.Release|Any CPU.ActiveCfg = Release|Any CPU
		{B6E58790-96F5-4D64-BABE-04602191C821}.Release|Any CPU.Build.0 = Release|Any CPU
	EndGlobalSection
	GlobalSection(SolutionProperties) = preSolution
		HideSolutionNode = FALSE
	EndGlobalSection
	GlobalSection(ExtensibilityGlobals) = postSolution
		SolutionGuid = {72530C10-42ED-46B9-AC15-61D6FAC3850C}
	EndGlobalSection
EndGlobal
